# This file is automatically @generated by Cargo.
# It is not intended for manual editing.
version = 3

[[package]]
name = "cryptouri"
version = "0.5.0-pre"
dependencies = [
 "secrecy",
 "subtle-encoding",
]

[[package]]
name = "secrecy"
version = "0.6.0"
source = "registry+https://github.com/rust-lang/crates.io-index"
checksum = "9182278ed645df3477a9c27bfee0621c621aa16f6972635f7f795dae3d81070f"
dependencies = [
 "zeroize",
]

[[package]]
name = "subtle-encoding"
version = "0.5.1"
source = "registry+https://github.com/rust-lang/crates.io-index"
checksum = "7dcb1ed7b8330c5eed5441052651dd7a12c75e2ed88f2ec024ae1fa3a5e59945"
dependencies = [
 "zeroize",
]

[[package]]
name = "zeroize"
version = "1.1.0"
source = "registry+https://github.com/rust-lang/crates.io-index"
checksum = "3cbac2ed2ba24cc90f5e06485ac8c7c1e5449fe8911aef4d8877218af021a5b8"
