# This file is automatically @generated by Cargo.
# It is not intended for manual editing.
[[package]]
name = "cryptouri"
version = "0.2.0"
dependencies = [
 "secrecy 0.6.0 (registry+https://github.com/rust-lang/crates.io-index)",
 "subtle-encoding 0.5.0 (registry+https://github.com/rust-lang/crates.io-index)",
]

[[package]]
name = "secrecy"
version = "0.6.0"
source = "registry+https://github.com/rust-lang/crates.io-index"
dependencies = [
 "zeroize 1.1.0 (registry+https://github.com/rust-lang/crates.io-index)",
]

[[package]]
name = "subtle-encoding"
version = "0.5.0"
source = "registry+https://github.com/rust-lang/crates.io-index"
dependencies = [
 "zeroize 1.1.0 (registry+https://github.com/rust-lang/crates.io-index)",
]

[[package]]
name = "zeroize"
version = "1.1.0"
source = "registry+https://github.com/rust-lang/crates.io-index"

[metadata]
"checksum secrecy 0.6.0 (registry+https://github.com/rust-lang/crates.io-index)" = "9182278ed645df3477a9c27bfee0621c621aa16f6972635f7f795dae3d81070f"
"checksum subtle-encoding 0.5.0 (registry+https://github.com/rust-lang/crates.io-index)" = "cbc5188a16f729680b6d495b0deaa776944b8e509d24b7f989489b0d8bbcb63b"
"checksum zeroize 1.1.0 (registry+https://github.com/rust-lang/crates.io-index)" = "3cbac2ed2ba24cc90f5e06485ac8c7c1e5449fe8911aef4d8877218af021a5b8"
